Microsoft Visual Studio Solution File, Format Version 12.00
# Visual Studio Version 17
VisualStudioVersion = 17.5.2.0
MinimumVisualStudioVersion = 10.0.40219.1
Project("{2150E333-8FDC-42A3-9474-1A3956D46DE8}") = "services", "services", "{5854FF58-B8C5-05C6-5BF2-ACE42193F22B}"
EndProject
Project("{2150E333-8FDC-42A3-9474-1A3956D46DE8}") = "api", "api", "{EDCCA0DF-5DC8-2F8D-5811-C9DAF15915A4}"
EndProject
Project("{FAE04EC0-301F-11D3-BF4B-00C04F79EFBC}") = "Api", "services\api\Api\Api.csproj", "{241B52DD-EAAE-F868-A7C5-324574A51794}"
EndProject
Global
	GlobalSection(SolutionConfigurationPlatforms) = preSolution
		Debug|Any CPU = Debug|Any CPU
		Release|Any CPU = Release|Any CPU
	EndGlobalSection
	GlobalSection(ProjectConfigurationPlatforms) = postSolution
		{241B52DD-EAAE-F868-A7C5-324574A51794}.Debug|Any CPU.ActiveCfg = Debug|Any CPU
		{241B52DD-EAAE-F868-A7C5-324574A51794}.Debug|Any CPU.Build.0 = Debug|Any CPU
		{241B52DD-EAAE-F868-A7C5-324574A51794}.Release|Any CPU.ActiveCfg = Release|Any CPU
		{241B52DD-EAAE-F868-A7C5-324574A51794}.Release|Any CPU.Build.0 = Release|Any CPU
	EndGlobalSection
	GlobalSection(SolutionProperties) = preSolution
		HideSolutionNode = FALSE
	EndGlobalSection
	GlobalSection(NestedProjects) = preSolution
		{EDCCA0DF-5DC8-2F8D-5811-C9DAF15915A4} = {5854FF58-B8C5-05C6-5BF2-ACE42193F22B}
		{241B52DD-EAAE-F868-A7C5-324574A51794} = {EDCCA0DF-5DC8-2F8D-5811-C9DAF15915A4}
	EndGlobalSection
	GlobalSection(ExtensibilityGlobals) = postSolution
		SolutionGuid = {2F7A100F-59A6-4FF5-8D44-7735AA8CC63A}
	EndGlobalSection
EndGlobal
